[[package]]
category = "main"
description = "Highly-optimized, pure-python HTTP server"
name = "cheroot"
optional = false
python-versions = "!=3.0.*,!=3.1.*,!=3.2.*,!=3.3.*,>=2.7"
version = "8.5.2"

[package.dependencies]
"jaraco.functools" = "*"
more-itertools = ">=2.6"
six = ">=1.11.0"

[package.extras]
docs = ["sphinx (>=1.8.2)", "jaraco.packaging (>=3.2)", "sphinx-tabs (>=1.1.0)", "docutils", "alabaster", "python-dateutil", "sphinxcontrib-apidoc (>=0.3.0)"]
testing = ["pytest (>=4.6.6)", "pytest-mock (>=1.11.0)", "pytest-sugar (>=0.9.3)", "pytest-watch (4.2.0)", "pytest-xdist (>=1.28.0)", "jaraco.text (>=3.1)", "codecov (2.1.10)", "trustme (>=0.4.0)", "pyopenssl", "requests-unixsocket", "portend", "requests-toolbelt", "jaraco.context", "coverage (5.3)", "pytest-cov (2.10.1)", "urllib3 (>=1.25)", "watchdog (<1.0.0)", "futures", "coverage (<5)", "pytest-cov (2.8.1)", "urllib3 (<1.25)", "colorama (!=0.4.2)", "pytest-forked (>=1.2.0)", "pytest-forked (>=1.1.3)"]

[[package]]
category = "main"
description = "Object-Oriented HTTP framework"
name = "cherrypy"
optional = false
python-versions = ">=3.5"
version = "18.6.0"

[package.dependencies]
cheroot = ">=8.2.1"
"jaraco.collections" = "*"
more-itertools = "*"
portend = ">=2.1.1"
pywin32 = "*"
"zc.lockfile" = "*"

[package.extras]
docs = ["sphinx", "docutils", "alabaster", "rst.linker (>=1.11)", "jaraco.packaging (>=3.2)"]
json = ["simplejson"]
memcached_session = ["python-memcached (>=1.58)"]
routes_dispatcher = ["routes (>=2.3.1)"]
ssl = ["pyopenssl"]
testing = ["coverage", "codecov", "objgraph", "pytest (>=5.3.5,<5.4.0)", "pytest-cov", "pytest-sugar", "backports.unittest-mock", "path.py", "requests-toolbelt", "pytest-services (>=2)"]
xcgi = ["flup"]

[[package]]
category = "main"
description = "Utility functions for Python class constructs"
name = "jaraco.classes"
optional = false
python-versions = ">=3.6"
version = "3.2.0"

[package.dependencies]
more-itertools = "*"

[package.extras]
docs = ["sphinx", "jaraco.packaging (>=8.2)", "rst.linker (>=1.9)"]
testing = ["pytest (>=3.5,<3.7.3 || >3.7.3)", "pytest-checkdocs (>=1.2.3)", "pytest-flake8", "pytest-cov", "pytest-enabler", "pytest-black (>=0.3.7)", "pytest-mypy"]

[[package]]
category = "main"
description = "Collection objects similar to those in stdlib by jaraco"
name = "jaraco.collections"
optional = false
python-versions = ">=3.6"
version = "3.1.0"

[package.dependencies]
"jaraco.classes" = "*"
"jaraco.text" = "*"

[package.extras]
docs = ["sphinx", "jaraco.packaging (>=3.2)", "rst.linker (>=1.9)"]
testing = ["pytest (>=3.5,<3.7.3 || >3.7.3)", "pytest-checkdocs (>=1.2.3)", "pytest-flake8", "pytest-cov", "jaraco.test (>=3.2.0)", "pytest-black (>=0.3.7)", "pytest-mypy"]

[[package]]
category = "main"
description = "Functools like those found in stdlib"
name = "jaraco.functools"
optional = false
python-versions = ">=3.6"
version = "3.1.0"

[package.dependencies]
more-itertools = "*"

[package.extras]
docs = ["sphinx", "jaraco.packaging (>=3.2)", "rst.linker (>=1.9)"]
testing = ["pytest (>=3.5,<3.7.3 || >3.7.3)", "pytest-checkdocs (>=1.2.3)", "pytest-flake8", "pytest-cov", "jaraco.test (>=3.2.0)", "jaraco.classes", "pytest-black (>=0.3.7)", "pytest-mypy"]

[[package]]
category = "main"
description = "Module for text manipulation"
name = "jaraco.text"
optional = false
python-versions = ">=3.6"
version = "3.4.0"

[package.dependencies]
"jaraco.functools" = "*"

[package.extras]
docs = ["sphinx", "jaraco.packaging (>=3.2)", "rst.linker (>=1.9)"]
testing = ["pytest (>=3.5,<3.7.3 || >3.7.3)", "pytest-checkdocs (>=1.2.3)", "pytest-flake8", "pytest-cov", "jaraco.test (>=3.2.0)", "pytest-black (>=0.3.7)", "pytest-mypy"]

[[package]]
category = "main"
description = "More routines for operating on iterables, beyond itertools"
name = "more-itertools"
optional = false
python-versions = ">=3.5"
version = "8.6.0"

[[package]]
category = "main"
description = "TCP port monitoring and discovery"
name = "portend"
optional = false
python-versions = ">=3.6"
version = "2.7.0"

[package.dependencies]
tempora = ">=1.8"

[package.extras]
docs = ["sphinx", "jaraco.packaging (>=3.2)", "rst.linker (>=1.9)"]
testing = ["pytest (>=3.5,<3.7.3 || >3.7.3)", "pytest-checkdocs (>=1.2.3)", "pytest-flake8", "pytest-cov", "jaraco.test (>=3.2.0)", "pytest-black (>=0.3.7)", "pytest-mypy"]

[[package]]
category = "main"
description = "World timezone definitions, modern and historical"
name = "pytz"
optional = false
python-versions = "*"
version = "2020.5"

[[package]]
category = "main"
description = "Python for Window Extensions"
marker = "sys_platform == \"win32\""
name = "pywin32"
optional = false
python-versions = "*"
version = "300"

[[package]]
category = "main"
description = "Python 2 and 3 compatibility utilities"
name = "six"
optional = false
python-versions = ">=2.7, !=3.0.*, !=3.1.*, !=3.2.*"
version = "1.15.0"

[[package]]
category = "main"
description = "Objects and routines pertaining to date and time (tempora)"
name = "tempora"
optional = false
python-versions = ">=3.6"
version = "4.0.1"

[package.dependencies]
"jaraco.functools" = ">=1.20"
pytz = "*"

[package.extras]
docs = ["sphinx", "jaraco.packaging (>=3.2)", "rst.linker (>=1.9)"]
testing = ["pytest (>=3.5,<3.7.3 || >3.7.3)", "pytest-checkdocs (>=1.2.3)", "pytest-flake8", "pytest-cov", "jaraco.test (>=3.2.0)", "backports.unittest-mock", "freezegun", "pytest-freezegun", "pytest-black (>=0.3.7)", "pytest-mypy"]

[[package]]
category = "main"
description = "Basic inter-process locks"
name = "zc.lockfile"
optional = false
python-versions = "*"
version = "2.0"

[package.dependencies]
setuptools = "*"

[package.extras]
test = ["zope.testing"]

[metadata]
content-hash = "4525054609701dd3baffd13f86cbea41801fb80b658a5de84dcccb8eaee13401"
python-versions = "^3.8"

[metadata.files]
cheroot = [
    {file = "cheroot-8.5.2-py2.py3-none-any.whl", hash = "sha256:7ba11294a83468a27be6f06066df8a0f17d954ad05945f28d228aa3f4cd1b03c"},
    {file = "cheroot-8.5.2.tar.gz", hash = "sha256:f137d03fd5155b1364bea557a7c98168665c239f6c8cedd8f80e81cdfac01567"},
]
cherrypy = [
    {file = "CherryPy-18.6.0-py2.py3-none-any.whl", hash = "sha256:c0a7283f02a384c112a0a18404fd3abd849fc7fd4bec19378067150a2573d2e4"},
    {file = "CherryPy-18.6.0.tar.gz", hash = "sha256:56608edd831ad00991ae585625e0206ed61cf1a0850e4b2cc48489fb2308c499"},
]
"jaraco.classes" = [
    {file = "jaraco.classes-3.2.0-py3-none-any.whl", hash = "sha256:2229da0dc3e9f29dd14d9ba7cd86e3f66196acfc91131ede786159fbd794ebd9"},
    {file = "jaraco.classes-3.2.0.tar.gz", hash = "sha256:24ec75e16d91bbae0fe89312c5cbbe4b2407d40629dc80463653d23868965c5c"},
]
"jaraco.collections" = [
    {file = "jaraco.collections-3.1.0-py3-none-any.whl", hash = "sha256:c82d41122d9c9b5f44ca244188e7f78fc048365ebd92c6cda053fa6c1d185977"},
    {file = "jaraco.collections-3.1.0.tar.gz", hash = "sha256:bbf6d1c032fe1af08ce1e4654d9354738da79ff51033cf3c215da80f3a9f9419"},
]
"jaraco.functools" = [
    {file = "jaraco.functools-3.1.0-py3-none-any.whl", hash = "sha256:9e2caddca5620bb682d29b238d46719d062eb2aeafc0cf63043f04c8cd9fd8a7"},
    {file = "jaraco.functools-3.1.0.tar.gz", hash = "sha256:7de095757115ebd370ddb14659b48ca83fcd075e78e0b3c575041c0edbf718e0"},
]
"jaraco.text" = [
    {file = "jaraco.text-3.4.0-py3-none-any.whl", hash = "sha256:4e3bc45f71435d2828a58473131ae7b43070ab93fc32d8419d6f6d0a61c61c5b"},
    {file = "jaraco.text-3.4.0.tar.gz", hash = "sha256:93f261d764cfc2626eb9ca00dbd2dec505631960cba150c927ef1465050f548f"},
]
more-itertools = [
    {file = "more-itertools-8.6.0.tar.gz", hash = "sha256:b3a9005928e5bed54076e6e549c792b306fddfe72b2d1d22dd63d42d5d3899cf"},
    {file = "more_itertools-8.6.0-py3-none-any.whl", hash = "sha256:8e1a2a43b2f2727425f2b5839587ae37093f19153dc26c0927d1048ff6557330"},
]
portend = [
    {file = "portend-2.7.0-py3-none-any.whl", hash = "sha256:f101c1aa58ef0718dcf591017adecbdcb54cf528721ecc5a138421511b80a285"},
    {file = "portend-2.7.0.tar.gz", hash = "sha256:ac0e57ae557f75dc47467579980af152e8f60bc2139547eff8469777d9110379"},
]
pytz = [
    {file = "pytz-2020.5-py2.py3-none-any.whl", hash = "sha256:16962c5fb8db4a8f63a26646d8886e9d769b6c511543557bc84e9569fb9a9cb4"},
    {file = "pytz-2020.5.tar.gz", hash = "sha256:180befebb1927b16f6b57101720075a984c019ac16b1b7575673bea42c6c3da5"},
]
pywin32 = [
    {file = "pywin32-300-cp35-cp35m-win32.whl", hash = "sha256:1c204a81daed2089e55d11eefa4826c05e604d27fe2be40b6bf8db7b6a39da63"},
    {file = "pywin32-300-cp35-cp35m-win_amd64.whl", hash = "sha256:350c5644775736351b77ba68da09a39c760d75d2467ecec37bd3c36a94fbed64"},
    {file = "pywin32-300-cp36-cp36m-win32.whl", hash = "sha256:a3b4c48c852d4107e8a8ec980b76c94ce596ea66d60f7a697582ea9dce7e0db7"},
    {file = "pywin32-300-cp36-cp36m-win_amd64.whl", hash = "sha256:27a30b887afbf05a9cbb05e3ffd43104a9b71ce292f64a635389dbad0ed1cd85"},
    {file = "pywin32-300-cp37-cp37m-win32.whl", hash = "sha256:d7e8c7efc221f10d6400c19c32a031add1c4a58733298c09216f57b4fde110dc"},
    {file = "pywin32-300-cp37-cp37m-win_amd64.whl", hash = "sha256:8151e4d7a19262d6694162d6da85d99a16f8b908949797fd99c83a0bfaf5807d"},
    {file = "pywin32-300-cp38-cp38-win32.whl", hash = "sha256:fbb3b1b0fbd0b4fc2a3d1d81fe0783e30062c1abed1d17c32b7879d55858cfae"},
    {file = "pywin32-300-cp38-cp38-win_amd64.whl", hash = "sha256:60a8fa361091b2eea27f15718f8eb7f9297e8d51b54dbc4f55f3d238093d5190"},
    {file = "pywin32-300-cp39-cp39-win32.whl", hash = "sha256:638b68eea5cfc8def537e43e9554747f8dee786b090e47ead94bfdafdb0f2f50"},
    {file = "pywin32-300-cp39-cp39-win_amd64.whl", hash = "sha256:b1609ce9bd5c411b81f941b246d683d6508992093203d4eb7f278f4ed1085c3f"},
]
six = [
    {file = "six-1.15.0-py2.py3-none-any.whl", hash = "sha256:8b74bedcbbbaca38ff6d7491d76f2b06b3592611af620f8426e82dddb04a5ced"},
    {file = "six-1.15.0.tar.gz", hash = "sha256:30639c035cdb23534cd4aa2dd52c3bf48f06e5f4a941509c8bafd8ce11080259"},
]
tempora = [
    {file = "tempora-4.0.1-py3-none-any.whl", hash = "sha256:e319840007c2913bf2f14ebf1f71b94812335d1ef4ca178e1c65c445a2d63da8"},
    {file = "tempora-4.0.1.tar.gz", hash = "sha256:9af06854fafb26d3d40d3dd6402e8baefaf57f90e48fdc9a94f6b22827a60fb3"},
]
"zc.lockfile" = [
    {file = "zc.lockfile-2.0-py2.py3-none-any.whl", hash = "sha256:cc33599b549f0c8a248cb72f3bf32d77712de1ff7ee8814312eb6456b42c015f"},
    {file = "zc.lockfile-2.0.tar.gz", hash = "sha256:307ad78227e48be260e64896ec8886edc7eae22d8ec53e4d528ab5537a83203b"},
]
